
Microsoft Visual Studio Solution File, Format Version 12.00
# Visual Studio Version 16
VisualStudioVersion = 16.0.31624.102
MinimumVisualStudioVersion = 10.0.40219.1
Project("{FAE04EC0-301F-11D3-BF4B-00C04F79EFBC}") = "btldemo", "btldemo\btldemo.csproj", "{55236838-3276-4EAE-93C7-59EAC0D374BE}"
EndProject
Global
	GlobalSection(SolutionConfigurationPlatforms) = preSolution
		Debug|Any CPU = Debug|Any CPU
		Release|Any CPU = Release|Any CPU
	EndGlobalSection
	GlobalSection(ProjectConfigurationPlatforms) = postSolution
		{55236838-3276-4EAE-93C7-59EAC0D374BE}.Debug|Any CPU.ActiveCfg = Debug|Any CPU
		{55236838-3276-4EAE-93C7-59EAC0D374BE}.Debug|Any CPU.Build.0 = Debug|Any CPU
		{55236838-3276-4EAE-93C7-59EAC0D374BE}.Release|Any CPU.ActiveCfg = Release|Any CPU
		{55236838-3276-4EAE-93C7-59EAC0D374BE}.Release|Any CPU.Build.0 = Release|Any CPU
	EndGlobalSection
	GlobalSection(SolutionProperties) = preSolution
		HideSolutionNode = FALSE
	EndGlobalSection
	GlobalSection(ExtensibilityGlobals) = postSolution
		SolutionGuid = {A89CC82D-F8C9-46E0-903D-9304FFEC96A0}
	EndGlobalSection
EndGlobal
